
Microsoft Visual Studio Solution File, Format Version 12.00
# Visual Studio 2013
VisualStudioVersion = 12.0.30501.0
MinimumVisualStudioVersion = 10.0.40219.1
Project("{2150E333-8FDC-42A3-9474-1A3956D46DE8}") = "Finance", "Finance", "{CFEF8179-C62D-40AF-935F-5596EAFBDF30}"
EndProject
Project("{D954291E-2A0B-460D-934E-DC6B0785DB48}") = "Finance.Shared", "Finance\Finance.Shared\Finance.Shared.shproj", "{C8D11592-F922-4F30-B5C3-93E0AC3D06B2}"
EndProject
Project("{FAE04EC0-301F-11D3-BF4B-00C04F79EFBC}") = "Finance.Windows", "Finance\Finance.Windows\Finance.Windows.csproj", "{DAEF79CA-091D-40D0-9DAF-73A0D5BA8296}"
EndProject
Project("{FAE04EC0-301F-11D3-BF4B-00C04F79EFBC}") = "Finance.WindowsPhone", "Finance\Finance.WindowsPhone\Finance.WindowsPhone.csproj", "{066411AA-1AEA-4FB1-8C2B-EF3BDE5C152A}"
EndProject
Global
	GlobalSection(SharedMSBuildProjectFiles) = preSolution
		Finance\Finance.Shared\Finance.Shared.projitems*{daef79ca-091d-40d0-9daf-73a0d5ba8296}*SharedItemsImports = 4
		Finance\Finance.Shared\Finance.Shared.projitems*{c8d11592-f922-4f30-b5c3-93e0ac3d06b2}*SharedItemsImports = 13
		Finance\Finance.Shared\Finance.Shared.projitems*{066411aa-1aea-4fb1-8c2b-ef3bde5c152a}*SharedItemsImports = 4
	EndGlobalSection
	GlobalSection(SolutionConfigurationPlatforms) = preSolution
		Debug|Any CPU = Debug|Any CPU
		Debug|ARM = Debug|ARM
		Debug|x64 = Debug|x64
		Debug|x86 = Debug|x86
		Release|Any CPU = Release|Any CPU
		Release|ARM = Release|ARM
		Release|x64 = Release|x64
		Release|x86 = Release|x86
	EndGlobalSection
	GlobalSection(ProjectConfigurationPlatforms) = postSolution
		{DAEF79CA-091D-40D0-9DAF-73A0D5BA8296}.Debug|Any CPU.ActiveCfg = Debug|Any CPU
		{DAEF79CA-091D-40D0-9DAF-73A0D5BA8296}.Debug|Any CPU.Build.0 = Debug|Any CPU
		{DAEF79CA-091D-40D0-9DAF-73A0D5BA8296}.Debug|Any CPU.Deploy.0 = Debug|Any CPU
		{DAEF79CA-091D-40D0-9DAF-73A0D5BA8296}.Debug|ARM.ActiveCfg = Debug|ARM
		{DAEF79CA-091D-40D0-9DAF-73A0D5BA8296}.Debug|ARM.Build.0 = Debug|ARM
		{DAEF79CA-091D-40D0-9DAF-73A0D5BA8296}.Debug|ARM.Deploy.0 = Debug|ARM
		{DAEF79CA-091D-40D0-9DAF-73A0D5BA8296}.Debug|x64.ActiveCfg = Debug|x64
		{DAEF79CA-091D-40D0-9DAF-73A0D5BA8296}.Debug|x64.Build.0 = Debug|x64
		{DAEF79CA-091D-40D0-9DAF-73A0D5BA8296}.Debug|x64.Deploy.0 = Debug|x64
		{DAEF79CA-091D-40D0-9DAF-73A0D5BA8296}.Debug|x86.ActiveCfg = Debug|x86
		{DAEF79CA-091D-40D0-9DAF-73A0D5BA8296}.Debug|x86.Build.0 = Debug|x86
		{DAEF79CA-091D-40D0-9DAF-73A0D5BA8296}.Debug|x86.Deploy.0 = Debug|x86
		{DAEF79CA-091D-40D0-9DAF-73A0D5BA8296}.Release|Any CPU.ActiveCfg = Release|Any CPU
		{DAEF79CA-091D-40D0-9DAF-73A0D5BA8296}.Release|Any CPU.Build.0 = Release|Any CPU
		{DAEF79CA-091D-40D0-9DAF-73A0D5BA8296}.Release|Any CPU.Deploy.0 = Release|Any CPU
		{DAEF79CA-091D-40D0-9DAF-73A0D5BA8296}.Release|ARM.ActiveCfg = Release|ARM
		{DAEF79CA-091D-40D0-9DAF-73A0D5BA8296}.Release|ARM.Build.0 = Release|ARM
		{DAEF79CA-091D-40D0-9DAF-73A0D5BA8296}.Release|ARM.Deploy.0 = Release|ARM
		{DAEF79CA-091D-40D0-9DAF-73A0D5BA8296}.Release|x64.ActiveCfg = Release|x64
		{DAEF79CA-091D-40D0-9DAF-73A0D5BA8296}.Release|x64.Build.0 = Release|x64
		{DAEF79CA-091D-40D0-9DAF-73A0D5BA8296}.Release|x64.Deploy.0 = Release|x64
		{DAEF79CA-091D-40D0-9DAF-73A0D5BA8296}.Release|x86.ActiveCfg = Release|x86
		{DAEF79CA-091D-40D0-9DAF-73A0D5BA8296}.Release|x86.Build.0 = Release|x86
		{DAEF79CA-091D-40D0-9DAF-73A0D5BA8296}.Release|x86.Deploy.0 = Release|x86
		{066411AA-1AEA-4FB1-8C2B-EF3BDE5C152A}.Debug|Any CPU.ActiveCfg = Debug|Any CPU
		{066411AA-1AEA-4FB1-8C2B-EF3BDE5C152A}.Debug|Any CPU.Build.0 = Debug|Any CPU
		{066411AA-1AEA-4FB1-8C2B-EF3BDE5C152A}.Debug|Any CPU.Deploy.0 = Debug|Any CPU
		{066411AA-1AEA-4FB1-8C2B-EF3BDE5C152A}.Debug|ARM.ActiveCfg = Debug|ARM
		{066411AA-1AEA-4FB1-8C2B-EF3BDE5C152A}.Debug|ARM.Build.0 = Debug|ARM
		{066411AA-1AEA-4FB1-8C2B-EF3BDE5C152A}.Debug|ARM.Deploy.0 = Debug|ARM
		{066411AA-1AEA-4FB1-8C2B-EF3BDE5C152A}.Debug|x64.ActiveCfg = Debug|Any CPU
		{066411AA-1AEA-4FB1-8C2B-EF3BDE5C152A}.Debug|x86.ActiveCfg = Debug|x86
		{066411AA-1AEA-4FB1-8C2B-EF3BDE5C152A}.Debug|x86.Build.0 = Debug|x86
		{066411AA-1AEA-4FB1-8C2B-EF3BDE5C152A}.Debug|x86.Deploy.0 = Debug|x86
		{066411AA-1AEA-4FB1-8C2B-EF3BDE5C152A}.Release|Any CPU.ActiveCfg = Release|Any CPU
		{066411AA-1AEA-4FB1-8C2B-EF3BDE5C152A}.Release|Any CPU.Build.0 = Release|Any CPU
		{066411AA-1AEA-4FB1-8C2B-EF3BDE5C152A}.Release|Any CPU.Deploy.0 = Release|Any CPU
		{066411AA-1AEA-4FB1-8C2B-EF3BDE5C152A}.Release|ARM.ActiveCfg = Release|ARM
		{066411AA-1AEA-4FB1-8C2B-EF3BDE5C152A}.Release|ARM.Build.0 = Release|ARM
		{066411AA-1AEA-4FB1-8C2B-EF3BDE5C152A}.Release|ARM.Deploy.0 = Release|ARM
		{066411AA-1AEA-4FB1-8C2B-EF3BDE5C152A}.Release|x64.ActiveCfg = Release|Any CPU
		{066411AA-1AEA-4FB1-8C2B-EF3BDE5C152A}.Release|x86.ActiveCfg = Release|x86
		{066411AA-1AEA-4FB1-8C2B-EF3BDE5C152A}.Release|x86.Build.0 = Release|x86
		{066411AA-1AEA-4FB1-8C2B-EF3BDE5C152A}.Release|x86.Deploy.0 = Release|x86
	EndGlobalSection
	GlobalSection(SolutionProperties) = preSolution
		HideSolutionNode = FALSE
	EndGlobalSection
	GlobalSection(NestedProjects) = preSolution
		{C8D11592-F922-4F30-B5C3-93E0AC3D06B2} = {CFEF8179-C62D-40AF-935F-5596EAFBDF30}
		{DAEF79CA-091D-40D0-9DAF-73A0D5BA8296} = {CFEF8179-C62D-40AF-935F-5596EAFBDF30}
		{066411AA-1AEA-4FB1-8C2B-EF3BDE5C152A} = {CFEF8179-C62D-40AF-935F-5596EAFBDF30}
	EndGlobalSection
EndGlobal
